// !$*UTF8*$!
{
	archiveVersion = 1;
	classes = {
	};
	objectVersion = 51;
	objects = {

/* Begin PBXBuildFile section */
		579A2A5727B51D20008483D2 /* AppDelegate.swift in Sources */ = {isa = PBXBuildFile; fileRef = 579A2A5627B51D20008483D2 /* AppDelegate.swift */; };
		579A2A6027B51D25008483D2 /* Assets.xcassets in Resources */ = {isa = PBXBuildFile; fileRef = 579A2A5F27B51D25008483D2 /* Assets.xcassets */; };
		579A2A6327B51D25008483D2 /* LaunchScreen.storyboard in Resources */ = {isa = PBXBuildFile; fileRef = 579A2A6127B51D25008483D2 /* LaunchScreen.storyboard */; };
		579A2A6B27B51F03008483D2 /* SearchVC.swift in Sources */ = {isa = PBXBuildFile; fileRef = 579A2A6A27B51F03008483D2 /* SearchVC.swift */; };
		579A2A6D27B51F39008483D2 /* SearchVM.swift in Sources */ = {isa = PBXBuildFile; fileRef = 579A2A6C27B51F39008483D2 /* SearchVM.swift */; };
		579A2A7027B52016008483D2 /* ViewModelType.swift in Sources */ = {isa = PBXBuildFile; fileRef = 579A2A6F27B52016008483D2 /* ViewModelType.swift */; };
		579A2A7327B520D9008483D2 /* ApiKey.swift in Sources */ = {isa = PBXBuildFile; fileRef = 579A2A7227B520D9008483D2 /* ApiKey.swift */; };
		579A2A7527B521A1008483D2 /* Networking.swift in Sources */ = {isa = PBXBuildFile; fileRef = 579A2A7427B521A1008483D2 /* Networking.swift */; };
		579A2A7927B54D6C008483D2 /* SearchApi.swift in Sources */ = {isa = PBXBuildFile; fileRef = 579A2A7827B54D6C008483D2 /* SearchApi.swift */; };
		579A2A7B27B54F3C008483D2 /* UserModel.swift in Sources */ = {isa = PBXBuildFile; fileRef = 579A2A7A27B54F3C008483D2 /* UserModel.swift */; };
		579A2A7E27B558A2008483D2 /* UserCell.swift in Sources */ = {isa = PBXBuildFile; fileRef = 579A2A7D27B558A2008483D2 /* UserCell.swift */; };
		579A2A8227B62BF3008483D2 /* JsonHandler.swift in Sources */ = {isa = PBXBuildFile; fileRef = 579A2A8127B62BF3008483D2 /* JsonHandler.swift */; };
		5F6E5A5137E8A38CB79AF425 /* Pods_GithubSearch.framework in Frameworks */ = {isa = PBXBuildFile; fileRef = FAAE3F1B454F3B1D9F539141 /* Pods_GithubSearch.framework */; };
/* End PBXBuildFile section */

/* Begin PBXFileReference section */
		579A2A5327B51D20008483D2 /* GithubSearch.app */ = {isa = PBXFileReference; explicitFileType = wrapper.application; includeInIndex = 0; path = GithubSearch.app; sourceTree = BUILT_PRODUCTS_DIR; };
		579A2A5627B51D20008483D2 /* AppDelegate.swift */ = {isa = PBXFileReference; lastKnownFileType = sourcecode.swift; path = AppDelegate.swift; sourceTree = "<group>"; };
		579A2A5F27B51D25008483D2 /* Assets.xcassets */ = {isa = PBXFileReference; lastKnownFileType = folder.assetcatalog; path = Assets.xcassets; sourceTree = "<group>"; };
		579A2A6227B51D25008483D2 /* Base */ = {isa = PBXFileReference; lastKnownFileType = file.storyboard; name = Base; path = Base.lproj/LaunchScreen.storyboard; sourceTree = "<group>"; };
		579A2A6427B51D25008483D2 /* Info.plist */ = {isa = PBXFileReference; lastKnownFileType = text.plist.xml; path = Info.plist; sourceTree = "<group>"; };
		579A2A6A27B51F03008483D2 /* SearchVC.swift */ = {isa = PBXFileReference; lastKnownFileType = sourcecode.swift; path = SearchVC.swift; sourceTree = "<group>"; };
		579A2A6C27B51F39008483D2 /* SearchVM.swift */ = {isa = PBXFileReference; lastKnownFileType = sourcecode.swift; path = SearchVM.swift; sourceTree = "<group>"; };
		579A2A6F27B52016008483D2 /* ViewModelType.swift */ = {isa = PBXFileReference; lastKnownFileType = sourcecode.swift; path = ViewModelType.swift; sourceTree = "<group>"; };
		579A2A7227B520D9008483D2 /* ApiKey.swift */ = {isa = PBXFileReference; lastKnownFileType = sourcecode.swift; path = ApiKey.swift; sourceTree = "<group>"; };
		579A2A7427B521A1008483D2 /* Networking.swift */ = {isa = PBXFileReference; lastKnownFileType = sourcecode.swift; path = Networking.swift; sourceTree = "<group>"; };
		579A2A7827B54D6C008483D2 /* SearchApi.swift */ = {isa = PBXFileReference; lastKnownFileType = sourcecode.swift; path = SearchApi.swift; sourceTree = "<group>"; };
		579A2A7A27B54F3C008483D2 /* UserModel.swift */ = {isa = PBXFileReference; lastKnownFileType = sourcecode.swift; path = UserModel.swift; sourceTree = "<group>"; };
		579A2A7D27B558A2008483D2 /* UserCell.swift */ = {isa = PBXFileReference; lastKnownFileType = sourcecode.swift; path = UserCell.swift; sourceTree = "<group>"; };
		579A2A8127B62BF3008483D2 /* JsonHandler.swift */ = {isa = PBXFileReference; lastKnownFileType = sourcecode.swift; path = JsonHandler.swift; sourceTree = "<group>"; };
		5D9716DEAE7542E53C61CFB3 /* Pods-GithubSearch.release.xcconfig */ = {isa = PBXFileReference; includeInIndex = 1; lastKnownFileType = text.xcconfig; name = "Pods-GithubSearch.release.xcconfig"; path = "Target Support Files/Pods-GithubSearch/Pods-GithubSearch.release.xcconfig"; sourceTree = "<group>"; };
		BD3B288ACD66F85CF0561C96 /* Pods-GithubSearch.debug.xcconfig */ = {isa = PBXFileReference; includeInIndex = 1; lastKnownFileType = text.xcconfig; name = "Pods-GithubSearch.debug.xcconfig"; path = "Target Support Files/Pods-GithubSearch/Pods-GithubSearch.debug.xcconfig"; sourceTree = "<group>"; };
		FAAE3F1B454F3B1D9F539141 /* Pods_GithubSearch.framework */ = {isa = PBXFileReference; explicitFileType = wrapper.framework; includeInIndex = 0; path = Pods_GithubSearch.framework; sourceTree = BUILT_PRODUCTS_DIR; };
/* End PBXFileReference section */

/* Begin PBXFrameworksBuildPhase section */
		579A2A5027B51D20008483D2 /* Frameworks */ = {
			isa = PBXFrameworksBuildPhase;
			buildActionMask = 2147483647;
			files = (
				5F6E5A5137E8A38CB79AF425 /* Pods_GithubSearch.framework in Frameworks */,
			);
			runOnlyForDeploymentPostprocessing = 0;
		};
/* End PBXFrameworksBuildPhase section */

/* Begin PBXGroup section */
		36ED624FEC16840C37550AB9 /* Pods */ = {
			isa = PBXGroup;
			children = (
				BD3B288ACD66F85CF0561C96 /* Pods-GithubSearch.debug.xcconfig */,
				5D9716DEAE7542E53C61CFB3 /* Pods-GithubSearch.release.xcconfig */,
			);
			path = Pods;
			sourceTree = "<group>";
		};
		579A2A4A27B51D20008483D2 = {
			isa = PBXGroup;
			children = (
				579A2A5527B51D20008483D2 /* GithubSearch */,
				579A2A5427B51D20008483D2 /* Products */,
				36ED624FEC16840C37550AB9 /* Pods */,
				69CB63F9FE5E06E8964B26A0 /* Frameworks */,
			);
			sourceTree = "<group>";
		};
		579A2A5427B51D20008483D2 /* Products */ = {
			isa = PBXGroup;
			children = (
				579A2A5327B51D20008483D2 /* GithubSearch.app */,
			);
			name = Products;
			sourceTree = "<group>";
		};
		579A2A5527B51D20008483D2 /* GithubSearch */ = {
			isa = PBXGroup;
			children = (
				579A2A7F27B62B6A008483D2 /* Search */,
				579A2A7C27B5507C008483D2 /* Model */,
				579A2A7127B52094008483D2 /* Networking */,
				579A2A6E27B52004008483D2 /* ViewModel */,
				579A2A5627B51D20008483D2 /* AppDelegate.swift */,
				579A2A5F27B51D25008483D2 /* Assets.xcassets */,
				579A2A6127B51D25008483D2 /* LaunchScreen.storyboard */,
				579A2A6427B51D25008483D2 /* Info.plist */,
			);
			path = GithubSearch;
			sourceTree = "<group>";
		};
		579A2A6E27B52004008483D2 /* ViewModel */ = {
			isa = PBXGroup;
			children = (
				579A2A6F27B52016008483D2 /* ViewModelType.swift */,
			);
			path = ViewModel;
			sourceTree = "<group>";
		};
		579A2A7127B52094008483D2 /* Networking */ = {
			isa = PBXGroup;
			children = (
				579A2A7227B520D9008483D2 /* ApiKey.swift */,
				579A2A7427B521A1008483D2 /* Networking.swift */,
			);
			path = Networking;
			sourceTree = "<group>";
		};
		579A2A7C27B5507C008483D2 /* Model */ = {
			isa = PBXGroup;
			children = (
				579A2A7827B54D6C008483D2 /* SearchApi.swift */,
				579A2A7A27B54F3C008483D2 /* UserModel.swift */,
				579A2A8127B62BF3008483D2 /* JsonHandler.swift */,
			);
			path = Model;
			sourceTree = "<group>";
		};
		579A2A7F27B62B6A008483D2 /* Search */ = {
			isa = PBXGroup;
			children = (
				579A2A8027B62B7C008483D2 /* Cell */,
				579A2A6A27B51F03008483D2 /* SearchVC.swift */,
				579A2A6C27B51F39008483D2 /* SearchVM.swift */,
			);
			path = Search;
			sourceTree = "<group>";
		};
		579A2A8027B62B7C008483D2 /* Cell */ = {
			isa = PBXGroup;
			children = (
				579A2A7D27B558A2008483D2 /* UserCell.swift */,
			);
			path = Cell;
			sourceTree = "<group>";
		};
		69CB63F9FE5E06E8964B26A0 /* Frameworks */ = {
			isa = PBXGroup;
			children = (
				FAAE3F1B454F3B1D9F539141 /* Pods_GithubSearch.framework */,
			);
			name = Frameworks;
			sourceTree = "<group>";
		};
/* End PBXGroup section */

/* Begin PBXNativeTarget section */
		579A2A5227B51D20008483D2 /* GithubSearch */ = {
			isa = PBXNativeTarget;
			buildConfigurationList = 579A2A6727B51D25008483D2 /* Build configuration list for PBXNativeTarget "GithubSearch" */;
			buildPhases = (
				F7347FB04A0FF866828BCB0C /* [CP] Check Pods Manifest.lock */,
				579A2A4F27B51D20008483D2 /* Sources */,
				579A2A5027B51D20008483D2 /* Frameworks */,
				579A2A5127B51D20008483D2 /* Resources */,
				C2B34F0F8BE20FCD1BCAE735 /* [CP] Embed Pods Frameworks */,
			);
			buildRules = (
			);
			dependencies = (
			);
			name = GithubSearch;
			productName = GithubSearch;
			productReference = 579A2A5327B51D20008483D2 /* GithubSearch.app */;
			productType = "com.apple.product-type.application";
		};
/* End PBXNativeTarget section */

/* Begin PBXProject section */
		579A2A4B27B51D20008483D2 /* Project object */ = {
			isa = PBXProject;
			attributes = {
				LastSwiftUpdateCheck = 1250;
				LastUpgradeCheck = 1250;
				TargetAttributes = {
					579A2A5227B51D20008483D2 = {
						CreatedOnToolsVersion = 12.5;
					};
				};
			};
			buildConfigurationList = 579A2A4E27B51D20008483D2 /* Build configuration list for PBXProject "GithubSearch" */;
			compatibilityVersion = "Xcode 9.3";
			developmentRegion = en;
			hasScannedForEncodings = 0;
			knownRegions = (
				en,
				Base,
			);
			mainGroup = 579A2A4A27B51D20008483D2;
			productRefGroup = 579A2A5427B51D20008483D2 /* Products */;
			projectDirPath = "";
			projectRoot = "";
			targets = (
				579A2A5227B51D20008483D2 /* GithubSearch */,
			);
		};
/* End PBXProject section */

/* Begin PBXResourcesBuildPhase section */
		579A2A5127B51D20008483D2 /* Resources */ = {
			isa = PBXResourcesBuildPhase;
			buildActionMask = 2147483647;
			files = (
				579A2A6327B51D25008483D2 /* LaunchScreen.storyboard in Resources */,
				579A2A6027B51D25008483D2 /* Assets.xcassets in Resources */,
			);
			runOnlyForDeploymentPostprocessing = 0;
		};
/* End PBXResourcesBuildPhase section */

/* Begin PBXShellScriptBuildPhase section */
		C2B34F0F8BE20FCD1BCAE735 /* [CP] Embed Pods Frameworks */ = {
			isa = PBXShellScriptBuildPhase;
			buildActionMask = 2147483647;
			files = (
			);
			inputFileListPaths = (
				"${PODS_ROOT}/Target Support Files/Pods-GithubSearch/Pods-GithubSearch-frameworks-${CONFIGURATION}-input-files.xcfilelist",
			);
			name = "[CP] Embed Pods Frameworks";
			outputFileListPaths = (
				"${PODS_ROOT}/Target Support Files/Pods-GithubSearch/Pods-GithubSearch-frameworks-${CONFIGURATION}-output-files.xcfilelist",
			);
			runOnlyForDeploymentPostprocessing = 0;
			shellPath = /bin/sh;
			shellScript = "\"${PODS_ROOT}/Target Support Files/Pods-GithubSearch/Pods-GithubSearch-frameworks.sh\"\n";
			showEnvVarsInLog = 0;
		};
		F7347FB04A0FF866828BCB0C /* [CP] Check Pods Manifest.lock */ = {
			isa = PBXShellScriptBuildPhase;
			buildActionMask = 2147483647;
			files = (
			);
			inputFileListPaths = (
			);
			inputPaths = (
				"${PODS_PODFILE_DIR_PATH}/Podfile.lock",
				"${PODS_ROOT}/Manifest.lock",
			);
			name = "[CP] Check Pods Manifest.lock";
			outputFileListPaths = (
			);
			outputPaths = (
				"$(DERIVED_FILE_DIR)/Pods-GithubSearch-checkManifestLockResult.txt",
			);
			runOnlyForDeploymentPostprocessing = 0;
			shellPath = /bin/sh;
			shellScript = "diff \"${PODS_PODFILE_DIR_PATH}/Podfile.lock\" \"${PODS_ROOT}/Manifest.lock\" > /dev/null\nif [ $? != 0 ] ; then\n    # print error to STDERR\n    echo \"error: The sandbox is not in sync with the Podfile.lock. Run 'pod install' or update your CocoaPods installation.\" >&2\n    exit 1\nfi\n# This output is used by Xcode 'outputs' to avoid re-running this script phase.\necho \"SUCCESS\" > \"${SCRIPT_OUTPUT_FILE_0}\"\n";
			showEnvVarsInLog = 0;
		};
/* End PBXShellScriptBuildPhase section */

/* Begin PBXSourcesBuildPhase section */
		579A2A4F27B51D20008483D2 /* Sources */ = {
			isa = PBXSourcesBuildPhase;
			buildActionMask = 2147483647;
			files = (
				579A2A7327B520D9008483D2 /* ApiKey.swift in Sources */,
				579A2A7027B52016008483D2 /* ViewModelType.swift in Sources */,
				579A2A7B27B54F3C008483D2 /* UserModel.swift in Sources */,
				579A2A6D27B51F39008483D2 /* SearchVM.swift in Sources */,
				579A2A7527B521A1008483D2 /* Networking.swift in Sources */,
				579A2A7E27B558A2008483D2 /* UserCell.swift in Sources */,
				579A2A8227B62BF3008483D2 /* JsonHandler.swift in Sources */,
				579A2A6B27B51F03008483D2 /* SearchVC.swift in Sources */,
				579A2A5727B51D20008483D2 /* AppDelegate.swift in Sources */,
				579A2A7927B54D6C008483D2 /* SearchApi.swift in Sources */,
			);
			runOnlyForDeploymentPostprocessing = 0;
		};
/* End PBXSourcesBuildPhase section */

/* Begin PBXVariantGroup section */
		579A2A6127B51D25008483D2 /* LaunchScreen.storyboard */ = {
			isa = PBXVariantGroup;
			children = (
				579A2A6227B51D25008483D2 /* Base */,
			);
			name = LaunchScreen.storyboard;
			sourceTree = "<group>";
		};
/* End PBXVariantGroup section */

/* Begin XCBuildConfiguration section */
		579A2A6527B51D25008483D2 /* Debug */ = {
			isa = XCBuildConfiguration;
			buildSettings = {
				ALWAYS_SEARCH_USER_PATHS = NO;
				CLANG_ANALYZER_NONNULL = YES;
				CLANG_ANALYZER_NUMBER_OBJECT_CONVERSION = YES_AGGRESSIVE;
				CLANG_CXX_LANGUAGE_STANDARD = "gnu++14";
				CLANG_CXX_LIBRARY = "libc++";
				CLANG_ENABLE_MODULES = YES;
				CLANG_ENABLE_OBJC_ARC = YES;
				CLANG_ENABLE_OBJC_WEAK = YES;
				CLANG_WARN_BLOCK_CAPTURE_AUTORELEASING = YES;
				CLANG_WARN_BOOL_CONVERSION = YES;
				CLANG_WARN_COMMA = YES;
				CLANG_WARN_CONSTANT_CONVERSION = YES;
				CLANG_WARN_DEPRECATED_OBJC_IMPLEMENTATIONS = YES;
				CLANG_WARN_DIRECT_OBJC_ISA_USAGE = YES_ERROR;
				CLANG_WARN_DOCUMENTATION_COMMENTS = YES;
				CLANG_WARN_EMPTY_BODY = YES;
				CLANG_WARN_ENUM_CONVERSION = YES;
				CLANG_WARN_INFINITE_RECURSION = YES;
				CLANG_WARN_INT_CONVERSION = YES;
				CLANG_WARN_NON_LITERAL_NULL_CONVERSION = YES;
				CLANG_WARN_OBJC_IMPLICIT_RETAIN_SELF = YES;
				CLANG_WARN_OBJC_LITERAL_CONVERSION = YES;
				CLANG_WARN_OBJC_ROOT_CLASS = YES_ERROR;
				CLANG_WARN_QUOTED_INCLUDE_IN_FRAMEWORK_HEADER = YES;
				CLANG_WARN_RANGE_LOOP_ANALYSIS = YES;
				CLANG_WARN_STRICT_PROTOTYPES = YES;
				CLANG_WARN_SUSPICIOUS_MOVE = YES;
				CLANG_WARN_UNGUARDED_AVAILABILITY = YES_AGGRESSIVE;
				CLANG_WARN_UNREACHABLE_CODE = YES;
				CLANG_WARN__DUPLICATE_METHOD_MATCH = YES;
				COPY_PHASE_STRIP = NO;
				DEBUG_INFORMATION_FORMAT = dwarf;
				ENABLE_STRICT_OBJC_MSGSEND = YES;
				ENABLE_TESTABILITY = YES;
				GCC_C_LANGUAGE_STANDARD = gnu11;
				GCC_DYNAMIC_NO_PIC = NO;
				GCC_NO_COMMON_BLOCKS = YES;
				GCC_OPTIMIZATION_LEVEL = 0;
				GCC_PREPROCESSOR_DEFINITIONS = (
					"DEBUG=1",
					"$(inherited)",
				);
				GCC_WARN_64_TO_32_BIT_CONVERSION = YES;
				GCC_WARN_ABOUT_RETURN_TYPE = YES_ERROR;
				GCC_WARN_UNDECLARED_SELECTOR = YES;
				GCC_WARN_UNINITIALIZED_AUTOS = YES_AGGRESSIVE;
				GCC_WARN_UNUSED_FUNCTION = YES;
				GCC_WARN_UNUSED_VARIABLE = YES;
				IPHONEOS_DEPLOYMENT_TARGET = 11.0;
				MTL_ENABLE_DEBUG_INFO = INCLUDE_SOURCE;
				MTL_FAST_MATH = YES;
				ONLY_ACTIVE_ARCH = YES;
				SDKROOT = iphoneos;
				SWIFT_ACTIVE_COMPILATION_CONDITIONS = DEBUG;
				SWIFT_OPTIMIZATION_LEVEL = "-Onone";
			};
			name = Debug;
		};
		579A2A6627B51D25008483D2 /* Release */ = {
			isa = XCBuildConfiguration;
			buildSettings = {
				ALWAYS_SEARCH_USER_PATHS = NO;
				CLANG_ANALYZER_NONNULL = YES;
				CLANG_ANALYZER_NUMBER_OBJECT_CONVERSION = YES_AGGRESSIVE;
				CLANG_CXX_LANGUAGE_STANDARD = "gnu++14";
				CLANG_CXX_LIBRARY = "libc++";
				CLANG_ENABLE_MODULES = YES;
				CLANG_ENABLE_OBJC_ARC = YES;
				CLANG_ENABLE_OBJC_WEAK = YES;
				CLANG_WARN_BLOCK_CAPTURE_AUTORELEASING = YES;
				CLANG_WARN_BOOL_CONVERSION = YES;
				CLANG_WARN_COMMA = YES;
				CLANG_WARN_CONSTANT_CONVERSION = YES;
				CLANG_WARN_DEPRECATED_OBJC_IMPLEMENTATIONS = YES;
				CLANG_WARN_DIRECT_OBJC_ISA_USAGE = YES_ERROR;
				CLANG_WARN_DOCUMENTATION_COMMENTS = YES;
				CLANG_WARN_EMPTY_BODY = YES;
				CLANG_WARN_ENUM_CONVERSION = YES;
				CLANG_WARN_INFINITE_RECURSION = YES;
				CLANG_WARN_INT_CONVERSION = YES;
				CLANG_WARN_NON_LITERAL_NULL_CONVERSION = YES;
				CLANG_WARN_OBJC_IMPLICIT_RETAIN_SELF = YES;
				CLANG_WARN_OBJC_LITERAL_CONVERSION = YES;
				CLANG_WARN_OBJC_ROOT_CLASS = YES_ERROR;
				CLANG_WARN_QUOTED_INCLUDE_IN_FRAMEWORK_HEADER = YES;
				CLANG_WARN_RANGE_LOOP_ANALYSIS = YES;
				CLANG_WARN_STRICT_PROTOTYPES = YES;
				CLANG_WARN_SUSPICIOUS_MOVE = YES;
				CLANG_WARN_UNGUARDED_AVAILABILITY = YES_AGGRESSIVE;
				CLANG_WARN_UNREACHABLE_CODE = YES;
				CLANG_WARN__DUPLICATE_METHOD_MATCH = YES;
				COPY_PHASE_STRIP = NO;
				DEBUG_INFORMATION_FORMAT = "dwarf-with-dsym";
				ENABLE_NS_ASSERTIONS = NO;
				ENABLE_STRICT_OBJC_MSGSEND = YES;
				GCC_C_LANGUAGE_STANDARD = gnu11;
				GCC_NO_COMMON_BLOCKS = YES;
				GCC_WARN_64_TO_32_BIT_CONVERSION = YES;
				GCC_WARN_ABOUT_RETURN_TYPE = YES_ERROR;
				GCC_WARN_UNDECLARED_SELECTOR = YES;
				GCC_WARN_UNINITIALIZED_AUTOS = YES_AGGRESSIVE;
				GCC_WARN_UNUSED_FUNCTION = YES;
				GCC_WARN_UNUSED_VARIABLE = YES;
				IPHONEOS_DEPLOYMENT_TARGET = 11.0;
				MTL_ENABLE_DEBUG_INFO = NO;
				MTL_FAST_MATH = YES;
				SDKROOT = iphoneos;
				SWIFT_COMPILATION_MODE = wholemodule;
				SWIFT_OPTIMIZATION_LEVEL = "-O";
				VALIDATE_PRODUCT = YES;
			};
			name = Release;
		};
		579A2A6827B51D25008483D2 /* Debug */ = {
			isa = XCBuildConfiguration;
			baseConfigurationReference = BD3B288ACD66F85CF0561C96 /* Pods-GithubSearch.debug.xcconfig */;
			buildSettings = {
				ASSETCATALOG_COMPILER_APPICON_NAME = AppIcon;
				ASSETCATALOG_COMPILER_GLOBAL_ACCENT_COLOR_NAME = AccentColor;
				CODE_SIGN_STYLE = Automatic;
				DEVELOPMENT_TEAM = 3W784N5452;
				INFOPLIST_FILE = GithubSearch/Info.plist;
				LD_RUNPATH_SEARCH_PATHS = (
					"$(inherited)",
					"@executable_path/Frameworks",
				);
				PRODUCT_BUNDLE_IDENTIFIER = com.victor.githubSearch.GithubSearch;
				PRODUCT_NAME = "$(TARGET_NAME)";
				SWIFT_VERSION = 5.0;
				TARGETED_DEVICE_FAMILY = "1,2";
			};
			name = Debug;
		};
		579A2A6927B51D25008483D2 /* Release */ = {
			isa = XCBuildConfiguration;
			baseConfigurationReference = 5D9716DEAE7542E53C61CFB3 /* Pods-GithubSearch.release.xcconfig */;
			buildSettings = {
				ASSETCATALOG_COMPILER_APPICON_NAME = AppIcon;
				ASSETCATALOG_COMPILER_GLOBAL_ACCENT_COLOR_NAME = AccentColor;
				CODE_SIGN_STYLE = Automatic;
				DEVELOPMENT_TEAM = 3W784N5452;
				INFOPLIST_FILE = GithubSearch/Info.plist;
				LD_RUNPATH_SEARCH_PATHS = (
					"$(inherited)",
					"@executable_path/Frameworks",
				);
				PRODUCT_BUNDLE_IDENTIFIER = com.victor.githubSearch.GithubSearch;
				PRODUCT_NAME = "$(TARGET_NAME)";
				SWIFT_VERSION = 5.0;
				TARGETED_DEVICE_FAMILY = "1,2";
			};
			name = Release;
		};
/* End XCBuildConfiguration section */

/* Begin XCConfigurationList section */
		579A2A4E27B51D20008483D2 /* Build configuration list for PBXProject "GithubSearch" */ = {
			isa = XCConfigurationList;
			buildConfigurations = (
				579A2A6527B51D25008483D2 /* Debug */,
				579A2A6627B51D25008483D2 /* Release */,
			);
			defaultConfigurationIsVisible = 0;
			defaultConfigurationName = Release;
		};
		579A2A6727B51D25008483D2 /* Build configuration list for PBXNativeTarget "GithubSearch" */ = {
			isa = XCConfigurationList;
			buildConfigurations = (
				579A2A6827B51D25008483D2 /* Debug */,
				579A2A6927B51D25008483D2 /* Release */,
			);
			defaultConfigurationIsVisible = 0;
			defaultConfigurationName = Release;
		};
/* End XCConfigurationList section */
	};
	rootObject = 579A2A4B27B51D20008483D2 /* Project object */;
}
